PODS:
  - Auth0 (1.25.0):
    - JWTDecode
    - SimpleKeychain
  - JWTDecode (2.4.1)
  - SDWebImage (5.8.0):
    - SDWebImage/Core (= 5.8.0)
  - SDWebImage/Core (5.8.0)
  - SDWebImageSwiftUI (1.5.0):
    - SDWebImage (~> 5.7)
  - SimpleKeychain (0.11.1)

DEPENDENCIES:
  - Auth0 (~> 1.25)
  - SDWebImageSwiftUI

SPEC REPOS:
  trunk:
    - Auth0
    - JWTDecode
    - SDWebImage
    - SDWebImageSwiftUI
    - SimpleKeychain

SPEC CHECKSUMS:
  Auth0: 358dbd972851942cf4a5e5ce8cd14bcd3ad969fa
  JWTDecode: 4bd4da0cdf0f8154fd467fa48499f34ec057fb88
  SDWebImage: 84000f962cbfa70c07f19d2234cbfcf5d779b5dc
  SDWebImageSwiftUI: 43687ffe232ddd33fe0659498b7ca9884fdd6b35
  SimpleKeychain: 0c657949c7afff92337d2ff64052d5eb5c53823e

PODFILE CHECKSUM: 083b89d9891b4e1a8a2f8b7f57301c06ac4523cf

COCOAPODS: 1.9.1
